{
   "name": "jecs-utils",
   "lockfileVersion": 3,
   "requires": true,
   "packages": {
      "": {
         "devDependencies": {
            "@rbxts/jecs": "^0.9.0-rc.12",
            "@rbxts/ripple": "^0.10.0-alpha.3",
            "@rbxts/vide": "^0.3.1"
         }
      },
      "node_modules/@rbxts/jecs": {
         "version": "0.9.0-rc.12",
         "resolved": "https://registry.npmjs.org/@rbxts/jecs/-/jecs-0.9.0-rc.12.tgz",
         "integrity": "sha512-2Tq4H7Pkp7zhfmHGdsKAJr9aDqBq2x5TR+hM6RZxmBXQUrqVzfoGRZWtdICw6ljgiOqz0qIlId8K/4bm8aoo+w==",
         "dev": true
      },
      "node_modules/@rbxts/ripple": {
         "version": "0.10.0-alpha.3",
         "resolved": "https://registry.npmjs.org/@rbxts/ripple/-/ripple-0.10.0-alpha.3.tgz",
         "integrity": "sha512-zjov4SVUFPzWSjrD7bsPTWS6Lx15oyQDuWJeGujFU/oGDKCpGqauyYcZ2AUX2QQnIrh150G8mEOPy6+3pH56aA==",
         "dev": true
      },
      "node_modules/@rbxts/vide": {
         "version": "0.3.5",
         "resolved": "https://registry.npmjs.org/@rbxts/vide/-/vide-0.3.5.tgz",
         "integrity": "sha512-HaPRfr9ZLoXUEaIRSuteTMyjah6cwLjfUAyezBfg42rd2wiACd78A7+Adg8oZQD05Go1xs0qE1a9R+kOm4Q7ew==",
         "dev": true
      }
   }
}
